cookbook 'database', :locked_version => '1.3.10'
cookbook 'postgresql', :locked_version => '3.0.0'
cookbook 'mercurial', :git => 'git://github.com/opscode-cookbooks/mercurial.git', :ref => 'master'
cookbook 'git', :locked_version => '2.5.2'
cookbook 'python', :locked_version => '1.3.0'
cookbook 'nginx', :locked_version => '1.6.0'
cookbook 'postfix', :locked_version => '2.1.4'
cookbook 'stunnel', :path => '/Users/clkao/git/cookbooks/stunnel'
cookbook 'sesgateway', :path => '/Users/clkao/git/cookbooks/sesgateway'
cookbook 'pgrest', :git => 'git://github.com/clkao-cookbooks/pgrest.git', :ref => 'master'
cookbook 'liquid-feedback', :path => '/Users/clkao/git/cookbooks/liquid-feedback'
cookbook 'apt', :git => 'git://github.com/opscode-cookbooks/apt.git', :ref => 'master'
cookbook 'nodejs', :git => 'git://github.com/phlipper/chef-nodejs.git', :ref => 'master'
cookbook 'mysql', :locked_version => '3.0.0'
cookbook 'openssl', :locked_version => '1.0.2'
cookbook 'build-essential', :locked_version => '1.4.0'
cookbook 'aws', :locked_version => '0.101.0'
cookbook 'xfs', :locked_version => '1.1.0'
cookbook 'windows', :locked_version => '1.9.0'
cookbook 'chef_handler', :locked_version => '1.1.4'
cookbook 'dmg', :locked_version => '1.1.0'
cookbook 'yum', :locked_version => '2.2.2'
cookbook 'runit', :locked_version => '1.1.4'
cookbook 'ohai', :locked_version => '1.1.8'